{
  "object": {
    "pins": [
      {
        "package": "NordicDFU",
        "repositoryURL": "https://github.com/NordicSemiconductor/IOS-DFU-Library",
        "state": {
          "branch": null,
          "revision": "2db0d4f26a4812dfb7553e50e2a10f53f7b95114",
          "version": "4.15.3"
        }
      },
      {
        "package": "swift-collections",
        "repositoryURL": "https://github.com/apple/swift-collections",
        "state": {
          "branch": null,
          "revision": "48254824bb4248676bf7ce56014ff57b142b77eb",
          "version": "1.0.2"
        }
      },
      {
        "package": "ZIPFoundation",
        "repositoryURL": "https://github.com/weichsel/ZIPFoundation",
        "state": {
          "branch": null,
          "revision": "02b6abe5f6eef7e3cbd5f247c5cc24e246efcfe0",
          "version": "0.9.19"
        }
      }
    ]
  },
  "version": 1
}
